// !$*UTF8*$!
{
	archiveVersion = 1;
	classes = {
	};
	objectVersion = 50;
	objects = {

/* Begin PBXBuildFile section */
		0703BF2B1CE8D950F680DCE3 /* Pods_BetterProfessor_BetterProfessorUITests.framework in Frameworks */ = {isa = PBXBuildFile; fileRef = 0776B75FAEE0B140F37D878C /* Pods_BetterProfessor_BetterProfessorUITests.framework */; };
		27005084245B4AA600739F62 /* EditTaskViewController.swift in Sources */ = {isa = PBXBuildFile; fileRef = 27005083245B4AA600739F62 /* EditTaskViewController.swift */; };
		27005086245B4D3700739F62 /* AddTaskViewController.swift in Sources */ = {isa = PBXBuildFile; fileRef = 27005085245B4D3700739F62 /* AddTaskViewController.swift */; };
		27005088245B623200739F62 /* Alert.swift in Sources */ = {isa = PBXBuildFile; fileRef = 27005087245B623200739F62 /* Alert.swift */; };
		271A7F2F2459ED9E00D75E8A /* Bearer.swift in Sources */ = {isa = PBXBuildFile; fileRef = 271A7F2E2459ED9E00D75E8A /* Bearer.swift */; };
		271A7F312459F25900D75E8A /* TaskController.swift in Sources */ = {isa = PBXBuildFile; fileRef = 271A7F302459F25900D75E8A /* TaskController.swift */; };
		271C785E2458B2DF00C8C21E /* BetterProfessor+Convenience.swift in Sources */ = {isa = PBXBuildFile; fileRef = 271C785D2458B2DF00C8C21E /* BetterProfessor+Convenience.swift */; };
		271C78602458B32100C8C21E /* BetterProfessorRepresentation.swift in Sources */ = {isa = PBXBuildFile; fileRef = 271C785F2458B32100C8C21E /* BetterProfessorRepresentation.swift */; };
		27308BDC2457487700CEE5B2 /* AppDelegate.swift in Sources */ = {isa = PBXBuildFile; fileRef = 27308BDB2457487700CEE5B2 /* AppDelegate.swift */; };
		27308BDE2457487700CEE5B2 /* SceneDelegate.swift in Sources */ = {isa = PBXBuildFile; fileRef = 27308BDD2457487700CEE5B2 /* SceneDelegate.swift */; };
		27308BE32457487700CEE5B2 /* Main.storyboard in Resources */ = {isa = PBXBuildFile; fileRef = 27308BE12457487700CEE5B2 /* Main.storyboard */; };
		27308BE52457488100CEE5B2 /* Assets.xcassets in Resources */ = {isa = PBXBuildFile; fileRef = 27308BE42457488100CEE5B2 /* Assets.xcassets */; };
		27308BE82457488100CEE5B2 /* LaunchScreen.storyboard in Resources */ = {isa = PBXBuildFile; fileRef = 27308BE62457488100CEE5B2 /* LaunchScreen.storyboard */; };
		27308BF824574ED500CEE5B2 /* DashboardTableViewController.swift in Sources */ = {isa = PBXBuildFile; fileRef = 27308BF724574ED500CEE5B2 /* DashboardTableViewController.swift */; };
		27308BFA2457504E00CEE5B2 /* LoginViewController.swift in Sources */ = {isa = PBXBuildFile; fileRef = 27308BF92457504E00CEE5B2 /* LoginViewController.swift */; };
		27308BFC2457646C00CEE5B2 /* NewStudentViewController.swift in Sources */ = {isa = PBXBuildFile; fileRef = 27308BFB2457646C00CEE5B2 /* NewStudentViewController.swift */; };
		27308BFE2457649F00CEE5B2 /* EditStudentInfoViewController.swift in Sources */ = {isa = PBXBuildFile; fileRef = 27308BFD2457649F00CEE5B2 /* EditStudentInfoViewController.swift */; };
		42120BCC0DC94506AA57CA37 /* Pods_BetterProfessorTests.framework in Frameworks */ = {isa = PBXBuildFile; fileRef = 533A1929D9C689F5BE6647A0 /* Pods_BetterProfessorTests.framework */; };
		7EA0313BCD6AD22F4BE515EE /* (null) in Frameworks */ = {isa = PBXBuildFile; };
		9AD85264F9BD8818D555815D /* Pods_BetterProfessor.framework in Frameworks */ = {isa = PBXBuildFile; fileRef = 51636BB19B302A1A3D547F55 /* Pods_BetterProfessor.framework */; };
		AE4EC840245A02F900CC88AD /* CoreData.swift in Sources */ = {isa = PBXBuildFile; fileRef = AE4EC83F245A02F900CC88AD /* CoreData.swift */; };
		AE4EC84A245A088F00CC88AD /* BetterProfessorUITests.swift in Sources */ = {isa = PBXBuildFile; fileRef = AE4EC849245A088F00CC88AD /* BetterProfessorUITests.swift */; };
		AE4EC852245A0A8500CC88AD /* BestProfessorControllerTest.swift in Sources */ = {isa = PBXBuildFile; fileRef = AE4EC851245A0A8500CC88AD /* BestProfessorControllerTest.swift */; };
		AE4EC858245A1FED00CC88AD /* BetterProfessor.xcdatamodeld in Sources */ = {isa = PBXBuildFile; fileRef = AE4EC856245A1FED00CC88AD /* BetterProfessor.xcdatamodeld */; };
		AE4EC85E245A5D6E00CC88AD /* DashBoardTest.swift in Sources */ = {isa = PBXBuildFile; fileRef = AE4EC85D245A5D6E00CC88AD /* DashBoardTest.swift */; };
		AEC8622F24578E8300775FD8 /* CoreDataStack.swift in Sources */ = {isa = PBXBuildFile; fileRef = AEC8622E24578E8300775FD8 /* CoreDataStack.swift */; };
		AEC8629524587B6600775FD8 /* APIController.swift in Sources */ = {isa = PBXBuildFile; fileRef = AEC8629424587B6600775FD8 /* APIController.swift */; };
		AEC8629F2458A4A100775FD8 /* BetterProfessorController.swift in Sources */ = {isa = PBXBuildFile; fileRef = AEC8629E2458A4A100775FD8 /* BetterProfessorController.swift */; };
/* End PBXBuildFile section */

/* Begin PBXContainerItemProxy section */
		AE4EC8352459FFE600CC88AD /* PBXContainerItemProxy */ = {
			isa = PBXContainerItemProxy;
			containerPortal = 27308BD02457487700CEE5B2 /* Project object */;
			proxyType = 1;
			remoteGlobalIDString = 27308BD72457487700CEE5B2;
			remoteInfo = BetterProfessor;
		};
		AE4EC84C245A088F00CC88AD /* PBXContainerItemProxy */ = {
			isa = PBXContainerItemProxy;
			containerPortal = 27308BD02457487700CEE5B2 /* Project object */;
			proxyType = 1;
			remoteGlobalIDString = 27308BD72457487700CEE5B2;
			remoteInfo = BetterProfessor;
		};
/* End PBXContainerItemProxy section */

/* Begin PBXFileReference section */
		0776B75FAEE0B140F37D878C /* Pods_BetterProfessor_BetterProfessorUITests.framework */ = {isa = PBXFileReference; explicitFileType = wrapper.framework; includeInIndex = 0; path = Pods_BetterProfessor_BetterProfessorUITests.framework; sourceTree = BUILT_PRODUCTS_DIR; };
		27005083245B4AA600739F62 /* EditTaskViewController.swift */ = {isa = PBXFileReference; lastKnownFileType = sourcecode.swift; path = EditTaskViewController.swift; sourceTree = "<group>"; };
		27005085245B4D3700739F62 /* AddTaskViewController.swift */ = {isa = PBXFileReference; lastKnownFileType = sourcecode.swift; path = AddTaskViewController.swift; sourceTree = "<group>"; };
		27005087245B623200739F62 /* Alert.swift */ = {isa = PBXFileReference; lastKnownFileType = sourcecode.swift; path = Alert.swift; sourceTree = "<group>"; };
		271A7F2E2459ED9E00D75E8A /* Bearer.swift */ = {isa = PBXFileReference; lastKnownFileType = sourcecode.swift; path = Bearer.swift; sourceTree = "<group>"; };
		271A7F302459F25900D75E8A /* TaskController.swift */ = {isa = PBXFileReference; lastKnownFileType = sourcecode.swift; path = TaskController.swift; sourceTree = "<group>"; };
		271C785D2458B2DF00C8C21E /* BetterProfessor+Convenience.swift */ = {isa = PBXFileReference; lastKnownFileType = sourcecode.swift; path = "BetterProfessor+Convenience.swift"; sourceTree = "<group>"; };
		271C785F2458B32100C8C21E /* BetterProfessorRepresentation.swift */ = {isa = PBXFileReference; lastKnownFileType = sourcecode.swift; path = BetterProfessorRepresentation.swift; sourceTree = "<group>"; };
		27308BD82457487700CEE5B2 /* BetterProfessor.app */ = {isa = PBXFileReference; explicitFileType = wrapper.application; includeInIndex = 0; path = BetterProfessor.app; sourceTree = BUILT_PRODUCTS_DIR; };
		27308BDB2457487700CEE5B2 /* AppDelegate.swift */ = {isa = PBXFileReference; lastKnownFileType = sourcecode.swift; path = AppDelegate.swift; sourceTree = "<group>"; };
		27308BDD2457487700CEE5B2 /* SceneDelegate.swift */ = {isa = PBXFileReference; lastKnownFileType = sourcecode.swift; path = SceneDelegate.swift; sourceTree = "<group>"; };
		27308BE22457487700CEE5B2 /* Base */ = {isa = PBXFileReference; lastKnownFileType = file.storyboard; name = Base; path = Base.lproj/Main.storyboard; sourceTree = "<group>"; };
		27308BE42457488100CEE5B2 /* Assets.xcassets */ = {isa = PBXFileReference; lastKnownFileType = folder.assetcatalog; path = Assets.xcassets; sourceTree = "<group>"; };
		27308BE72457488100CEE5B2 /* Base */ = {isa = PBXFileReference; lastKnownFileType = file.storyboard; name = Base; path = Base.lproj/LaunchScreen.storyboard; sourceTree = "<group>"; };
		27308BE92457488100CEE5B2 /* Info.plist */ = {isa = PBXFileReference; lastKnownFileType = text.plist.xml; path = Info.plist; sourceTree = "<group>"; };
		27308BF724574ED500CEE5B2 /* DashboardTableViewController.swift */ = {isa = PBXFileReference; lastKnownFileType = sourcecode.swift; path = DashboardTableViewController.swift; sourceTree = "<group>"; };
		27308BF92457504E00CEE5B2 /* LoginViewController.swift */ = {isa = PBXFileReference; lastKnownFileType = sourcecode.swift; path = LoginViewController.swift; sourceTree = "<group>"; };
		27308BFB2457646C00CEE5B2 /* NewStudentViewController.swift */ = {isa = PBXFileReference; lastKnownFileType = sourcecode.swift; path = NewStudentViewController.swift; sourceTree = "<group>"; };
		27308BFD2457649F00CEE5B2 /* EditStudentInfoViewController.swift */ = {isa = PBXFileReference; lastKnownFileType = sourcecode.swift; path = EditStudentInfoViewController.swift; sourceTree = "<group>"; };
		51636BB19B302A1A3D547F55 /* Pods_BetterProfessor.framework */ = {isa = PBXFileReference; explicitFileType = wrapper.framework; includeInIndex = 0; path = Pods_BetterProfessor.framework; sourceTree = BUILT_PRODUCTS_DIR; };
		533A1929D9C689F5BE6647A0 /* Pods_BetterProfessorTests.framework */ = {isa = PBXFileReference; explicitFileType = wrapper.framework; includeInIndex = 0; path = Pods_BetterProfessorTests.framework; sourceTree = BUILT_PRODUCTS_DIR; };
		5A806947B3353D1A69233311 /* Pods-BetterProfessor-BetterProfessorUITests.debug.xcconfig */ = {isa = PBXFileReference; includeInIndex = 1; lastKnownFileType = text.xcconfig; name = "Pods-BetterProfessor-BetterProfessorUITests.debug.xcconfig"; path = "Target Support Files/Pods-BetterProfessor-BetterProfessorUITests/Pods-BetterProfessor-BetterProfessorUITests.debug.xcconfig"; sourceTree = "<group>"; };
		63CB0002E460E2C046B2DC18 /* Pods-BetterProfessorTests.release.xcconfig */ = {isa = PBXFileReference; includeInIndex = 1; lastKnownFileType = text.xcconfig; name = "Pods-BetterProfessorTests.release.xcconfig"; path = "Target Support Files/Pods-BetterProfessorTests/Pods-BetterProfessorTests.release.xcconfig"; sourceTree = "<group>"; };
		792DBCD2045F89C4C9704CFA /* Pods-BetterProfessor-BetterProfessorUITests.release.xcconfig */ = {isa = PBXFileReference; includeInIndex = 1; lastKnownFileType = text.xcconfig; name = "Pods-BetterProfessor-BetterProfessorUITests.release.xcconfig"; path = "Target Support Files/Pods-BetterProfessor-BetterProfessorUITests/Pods-BetterProfessor-BetterProfessorUITests.release.xcconfig"; sourceTree = "<group>"; };
		87E3B888E8DDDD094B791705 /* Pods-BetterProfessor.debug.xcconfig */ = {isa = PBXFileReference; includeInIndex = 1; lastKnownFileType = text.xcconfig; name = "Pods-BetterProfessor.debug.xcconfig"; path = "Target Support Files/Pods-BetterProfessor/Pods-BetterProfessor.debug.xcconfig"; sourceTree = "<group>"; };
		AE4EC8302459FFE600CC88AD /* BetterProfessorTests.xctest */ = {isa = PBXFileReference; explicitFileType = wrapper.cfbundle; includeInIndex = 0; path = BetterProfessorTests.xctest; sourceTree = BUILT_PRODUCTS_DIR; };
		AE4EC8342459FFE600CC88AD /* Info.plist */ = {isa = PBXFileReference; lastKnownFileType = text.plist.xml; path = Info.plist; sourceTree = "<group>"; };
		AE4EC83F245A02F900CC88AD /* CoreData.swift */ = {isa = PBXFileReference; lastKnownFileType = sourcecode.swift; path = CoreData.swift; sourceTree = "<group>"; };
		AE4EC847245A088F00CC88AD /* BetterProfessorUITests.xctest */ = {isa = PBXFileReference; explicitFileType = wrapper.cfbundle; includeInIndex = 0; path = BetterProfessorUITests.xctest; sourceTree = BUILT_PRODUCTS_DIR; };
		AE4EC849245A088F00CC88AD /* BetterProfessorUITests.swift */ = {isa = PBXFileReference; lastKnownFileType = sourcecode.swift; path = BetterProfessorUITests.swift; sourceTree = "<group>"; };
		AE4EC84B245A088F00CC88AD /* Info.plist */ = {isa = PBXFileReference; lastKnownFileType = text.plist.xml; path = Info.plist; sourceTree = "<group>"; };
		AE4EC851245A0A8500CC88AD /* BestProfessorControllerTest.swift */ = {isa = PBXFileReference; lastKnownFileType = sourcecode.swift; path = BestProfessorControllerTest.swift; sourceTree = "<group>"; };
		AE4EC857245A1FED00CC88AD /* BetterProfessor.xcdatamodel */ = {isa = PBXFileReference; lastKnownFileType = wrapper.xcdatamodel; path = BetterProfessor.xcdatamodel; sourceTree = "<group>"; };
		AE4EC85D245A5D6E00CC88AD /* DashBoardTest.swift */ = {isa = PBXFileReference; lastKnownFileType = sourcecode.swift; path = DashBoardTest.swift; sourceTree = "<group>"; };
		AEC8622E24578E8300775FD8 /* CoreDataStack.swift */ = {isa = PBXFileReference; lastKnownFileType = sourcecode.swift; path = CoreDataStack.swift; sourceTree = SOURCE_ROOT; };
		AEC8629424587B6600775FD8 /* APIController.swift */ = {isa = PBXFileReference; lastKnownFileType = sourcecode.swift; path = APIController.swift; sourceTree = "<group>"; };
		AEC8629E2458A4A100775FD8 /* BetterProfessorController.swift */ = {isa = PBXFileReference; lastKnownFileType = sourcecode.swift; path = BetterProfessorController.swift; sourceTree = "<group>"; };
		E81D75925A0EABD5D205DE6C /* Pods-BetterProfessorTests.debug.xcconfig */ = {isa = PBXFileReference; includeInIndex = 1; lastKnownFileType = text.xcconfig; name = "Pods-BetterProfessorTests.debug.xcconfig"; path = "Target Support Files/Pods-BetterProfessorTests/Pods-BetterProfessorTests.debug.xcconfig"; sourceTree = "<group>"; };
		E9BE04B2E1D2D4BC24D54275 /* Pods-BetterProfessor.release.xcconfig */ = {isa = PBXFileReference; includeInIndex = 1; lastKnownFileType = text.xcconfig; name = "Pods-BetterProfessor.release.xcconfig"; path = "Target Support Files/Pods-BetterProfessor/Pods-BetterProfessor.release.xcconfig"; sourceTree = "<group>"; };
/* End PBXFileReference section */

/* Begin PBXFrameworksBuildPhase section */
		27308BD52457487700CEE5B2 /* Frameworks */ = {
			isa = PBXFrameworksBuildPhase;
			buildActionMask = 2147483647;
			files = (
				9AD85264F9BD8818D555815D /* Pods_BetterProfessor.framework in Frameworks */,
			);
			runOnlyForDeploymentPostprocessing = 0;
		};
		AE4EC82D2459FFE600CC88AD /* Frameworks */ = {
			isa = PBXFrameworksBuildPhase;
			buildActionMask = 2147483647;
			files = (
				42120BCC0DC94506AA57CA37 /* Pods_BetterProfessorTests.framework in Frameworks */,
			);
			runOnlyForDeploymentPostprocessing = 0;
		};
		AE4EC844245A088F00CC88AD /* Frameworks */ = {
			isa = PBXFrameworksBuildPhase;
			buildActionMask = 2147483647;
			files = (
				7EA0313BCD6AD22F4BE515EE /* (null) in Frameworks */,
				0703BF2B1CE8D950F680DCE3 /* Pods_BetterProfessor_BetterProfessorUITests.framework in Frameworks */,
			);
			runOnlyForDeploymentPostprocessing = 0;
		};
/* End PBXFrameworksBuildPhase section */

/* Begin PBXGroup section */
		27308BCF2457487700CEE5B2 = {
			isa = PBXGroup;
			children = (
				27308BDA2457487700CEE5B2 /* BetterProfessor */,
				AE4EC8312459FFE600CC88AD /* BetterProfessorTests */,
				AE4EC848245A088F00CC88AD /* BetterProfessorUITests */,
				27308BD92457487700CEE5B2 /* Products */,
				AD2A4ACD77EA1C700F05DBEB /* Pods */,
				ABBFEC878998487F9EB14D09 /* Frameworks */,
			);
			sourceTree = "<group>";
		};
		27308BD92457487700CEE5B2 /* Products */ = {
			isa = PBXGroup;
			children = (
				27308BD82457487700CEE5B2 /* BetterProfessor.app */,
				AE4EC8302459FFE600CC88AD /* BetterProfessorTests.xctest */,
				AE4EC847245A088F00CC88AD /* BetterProfessorUITests.xctest */,
			);
			name = Products;
			sourceTree = "<group>";
		};
		27308BDA2457487700CEE5B2 /* BetterProfessor */ = {
			isa = PBXGroup;
			children = (
				271A7F2E2459ED9E00D75E8A /* Bearer.swift */,
				27005087245B623200739F62 /* Alert.swift */,
				27308BE92457488100CEE5B2 /* Info.plist */,
				27308BF324574B1800CEE5B2 /* CoreData */,
				27308BF424574B2600CEE5B2 /* Controllers */,
				27308BF124574AF100CEE5B2 /* View Controllers */,
				27308BF024574ACC00CEE5B2 /* Storyboards */,
				27308BEF24574AB400CEE5B2 /* Application */,
			);
			path = BetterProfessor;
			sourceTree = "<group>";
		};
		27308BEF24574AB400CEE5B2 /* Application */ = {
			isa = PBXGroup;
			children = (
				27308BE42457488100CEE5B2 /* Assets.xcassets */,
				27308BDB2457487700CEE5B2 /* AppDelegate.swift */,
				27308BDD2457487700CEE5B2 /* SceneDelegate.swift */,
			);
			path = Application;
			sourceTree = "<group>";
		};
		27308BF024574ACC00CEE5B2 /* Storyboards */ = {
			isa = PBXGroup;
			children = (
				27308BE12457487700CEE5B2 /* Main.storyboard */,
				27308BE62457488100CEE5B2 /* LaunchScreen.storyboard */,
			);
			path = Storyboards;
			sourceTree = "<group>";
		};
		27308BF124574AF100CEE5B2 /* View Controllers */ = {
			isa = PBXGroup;
			children = (
				27308BF724574ED500CEE5B2 /* DashboardTableViewController.swift */,
				27308BFD2457649F00CEE5B2 /* EditStudentInfoViewController.swift */,
				27308BFB2457646C00CEE5B2 /* NewStudentViewController.swift */,
				27308BF92457504E00CEE5B2 /* LoginViewController.swift */,
				27005083245B4AA600739F62 /* EditTaskViewController.swift */,
				27005085245B4D3700739F62 /* AddTaskViewController.swift */,
			);
			path = "View Controllers";
			sourceTree = "<group>";
		};
		27308BF324574B1800CEE5B2 /* CoreData */ = {
			isa = PBXGroup;
			children = (
				AEC8622E24578E8300775FD8 /* CoreDataStack.swift */,
				AE4EC856245A1FED00CC88AD /* BetterProfessor.xcdatamodeld */,
				271C785D2458B2DF00C8C21E /* BetterProfessor+Convenience.swift */,
				271C785F2458B32100C8C21E /* BetterProfessorRepresentation.swift */,
			);
			path = CoreData;
			sourceTree = "<group>";
		};
		27308BF424574B2600CEE5B2 /* Controllers */ = {
			isa = PBXGroup;
			children = (
				AEC8629424587B6600775FD8 /* APIController.swift */,
				AEC8629E2458A4A100775FD8 /* BetterProfessorController.swift */,
				271A7F302459F25900D75E8A /* TaskController.swift */,
			);
			path = Controllers;
			sourceTree = "<group>";
		};
		ABBFEC878998487F9EB14D09 /* Frameworks */ = {
			isa = PBXGroup;
			children = (
				51636BB19B302A1A3D547F55 /* Pods_BetterProfessor.framework */,
				0776B75FAEE0B140F37D878C /* Pods_BetterProfessor_BetterProfessorUITests.framework */,
				533A1929D9C689F5BE6647A0 /* Pods_BetterProfessorTests.framework */,
			);
			name = Frameworks;
			sourceTree = "<group>";
		};
		AD2A4ACD77EA1C700F05DBEB /* Pods */ = {
			isa = PBXGroup;
			children = (
				87E3B888E8DDDD094B791705 /* Pods-BetterProfessor.debug.xcconfig */,
				E9BE04B2E1D2D4BC24D54275 /* Pods-BetterProfessor.release.xcconfig */,
				E81D75925A0EABD5D205DE6C /* Pods-BetterProfessorTests.debug.xcconfig */,
				63CB0002E460E2C046B2DC18 /* Pods-BetterProfessorTests.release.xcconfig */,
				5A806947B3353D1A69233311 /* Pods-BetterProfessor-BetterProfessorUITests.debug.xcconfig */,
				792DBCD2045F89C4C9704CFA /* Pods-BetterProfessor-BetterProfessorUITests.release.xcconfig */,
			);
			path = Pods;
			sourceTree = "<group>";
		};
		AE4EC8312459FFE600CC88AD /* BetterProfessorTests */ = {
			isa = PBXGroup;
			children = (
				AE4EC85D245A5D6E00CC88AD /* DashBoardTest.swift */,
				AE4EC851245A0A8500CC88AD /* BestProfessorControllerTest.swift */,
				AE4EC83F245A02F900CC88AD /* CoreData.swift */,
				AE4EC8342459FFE600CC88AD /* Info.plist */,
			);
			path = BetterProfessorTests;
			sourceTree = "<group>";
		};
		AE4EC848245A088F00CC88AD /* BetterProfessorUITests */ = {
			isa = PBXGroup;
			children = (
				AE4EC849245A088F00CC88AD /* BetterProfessorUITests.swift */,
				AE4EC84B245A088F00CC88AD /* Info.plist */,
			);
			path = BetterProfessorUITests;
			sourceTree = "<group>";
		};
/* End PBXGroup section */

/* Begin PBXNativeTarget section */
		27308BD72457487700CEE5B2 /* BetterProfessor */ = {
			isa = PBXNativeTarget;
			buildConfigurationList = 27308BEC2457488100CEE5B2 /* Build configuration list for PBXNativeTarget "BetterProfessor" */;
			buildPhases = (
				278BC91FF60790831DBF69C4 /* [CP] Check Pods Manifest.lock */,
				27308BD42457487700CEE5B2 /* Sources */,
				27308BD52457487700CEE5B2 /* Frameworks */,
				27308BD62457487700CEE5B2 /* Resources */,
				AEEDC9B3245B767F000C2214 /* ShellScript */,
			);
			buildRules = (
			);
			dependencies = (
			);
			name = BetterProfessor;
			productName = BetterProfessor;
			productReference = 27308BD82457487700CEE5B2 /* BetterProfessor.app */;
			productType = "com.apple.product-type.application";
		};
		AE4EC82F2459FFE600CC88AD /* BetterProfessorTests */ = {
			isa = PBXNativeTarget;
			buildConfigurationList = AE4EC8372459FFE600CC88AD /* Build configuration list for PBXNativeTarget "BetterProfessorTests" */;
			buildPhases = (
				AC782F4DF8C45530434A4CD6 /* [CP] Check Pods Manifest.lock */,
				AE4EC82C2459FFE600CC88AD /* Sources */,
				AE4EC82D2459FFE600CC88AD /* Frameworks */,
				AE4EC82E2459FFE600CC88AD /* Resources */,
			);
			buildRules = (
			);
			dependencies = (
				AE4EC8362459FFE600CC88AD /* PBXTargetDependency */,
			);
			name = BetterProfessorTests;
			productName = BetterProfessorTests;
			productReference = AE4EC8302459FFE600CC88AD /* BetterProfessorTests.xctest */;
			productType = "com.apple.product-type.bundle.unit-test";
		};
		AE4EC846245A088F00CC88AD /* BetterProfessorUITests */ = {
			isa = PBXNativeTarget;
			buildConfigurationList = AE4EC850245A088F00CC88AD /* Build configuration list for PBXNativeTarget "BetterProfessorUITests" */;
			buildPhases = (
				7E94E30DD88632676BB1DA05 /* [CP] Check Pods Manifest.lock */,
				AE4EC843245A088F00CC88AD /* Sources */,
				AE4EC844245A088F00CC88AD /* Frameworks */,
				AE4EC845245A088F00CC88AD /* Resources */,
			);
			buildRules = (
			);
			dependencies = (
				AE4EC84D245A088F00CC88AD /* PBXTargetDependency */,
			);
			name = BetterProfessorUITests;
			productName = BetterProfessorUITests;
			productReference = AE4EC847245A088F00CC88AD /* BetterProfessorUITests.xctest */;
			productType = "com.apple.product-type.bundle.ui-testing";
		};
/* End PBXNativeTarget section */

/* Begin PBXProject section */
		27308BD02457487700CEE5B2 /* Project object */ = {
			isa = PBXProject;
			attributes = {
				LastSwiftUpdateCheck = 1130;
				LastUpgradeCheck = 1140;
				ORGANIZATIONNAME = "Chris Dobek";
				TargetAttributes = {
					27308BD72457487700CEE5B2 = {
						CreatedOnToolsVersion = 11.4.1;
					};
					AE4EC82F2459FFE600CC88AD = {
						CreatedOnToolsVersion = 11.3.1;
						LastSwiftMigration = 1130;
						TestTargetID = 27308BD72457487700CEE5B2;
					};
					AE4EC846245A088F00CC88AD = {
						CreatedOnToolsVersion = 11.3.1;
						TestTargetID = 27308BD72457487700CEE5B2;
					};
				};
			};
			buildConfigurationList = 27308BD32457487700CEE5B2 /* Build configuration list for PBXProject "BetterProfessor" */;
			compatibilityVersion = "Xcode 9.3";
			developmentRegion = en;
			hasScannedForEncodings = 0;
			knownRegions = (
				en,
				Base,
			);
			mainGroup = 27308BCF2457487700CEE5B2;
			productRefGroup = 27308BD92457487700CEE5B2 /* Products */;
			projectDirPath = "";
			projectRoot = "";
			targets = (
				27308BD72457487700CEE5B2 /* BetterProfessor */,
				AE4EC82F2459FFE600CC88AD /* BetterProfessorTests */,
				AE4EC846245A088F00CC88AD /* BetterProfessorUITests */,
			);
		};
/* End PBXProject section */

/* Begin PBXResourcesBuildPhase section */
		27308BD62457487700CEE5B2 /* Resources */ = {
			isa = PBXResourcesBuildPhase;
			buildActionMask = 2147483647;
			files = (
				27308BE82457488100CEE5B2 /* LaunchScreen.storyboard in Resources */,
				27308BE52457488100CEE5B2 /* Assets.xcassets in Resources */,
				27308BE32457487700CEE5B2 /* Main.storyboard in Resources */,
			);
			runOnlyForDeploymentPostprocessing = 0;
		};
		AE4EC82E2459FFE600CC88AD /* Resources */ = {
			isa = PBXResourcesBuildPhase;
			buildActionMask = 2147483647;
			files = (
			);
			runOnlyForDeploymentPostprocessing = 0;
		};
		AE4EC845245A088F00CC88AD /* Resources */ = {
			isa = PBXResourcesBuildPhase;
			buildActionMask = 2147483647;
			files = (
			);
			runOnlyForDeploymentPostprocessing = 0;
		};
/* End PBXResourcesBuildPhase section */

/* Begin PBXShellScriptBuildPhase section */
		278BC91FF60790831DBF69C4 /* [CP] Check Pods Manifest.lock */ = {
			isa = PBXShellScriptBuildPhase;
			buildActionMask = 2147483647;
			files = (
			);
			inputFileListPaths = (
			);
			inputPaths = (
				"${PODS_PODFILE_DIR_PATH}/Podfile.lock",
				"${PODS_ROOT}/Manifest.lock",
			);
			name = "[CP] Check Pods Manifest.lock";
			outputFileListPaths = (
			);
			outputPaths = (
				"$(DERIVED_FILE_DIR)/Pods-BetterProfessor-checkManifestLockResult.txt",
			);
			runOnlyForDeploymentPostprocessing = 0;
			shellPath = /bin/sh;
			shellScript = "diff \"${PODS_PODFILE_DIR_PATH}/Podfile.lock\" \"${PODS_ROOT}/Manifest.lock\" > /dev/null\nif [ $? != 0 ] ; then\n    # print error to STDERR\n    echo \"error: The sandbox is not in sync with the Podfile.lock. Run 'pod install' or update your CocoaPods installation.\" >&2\n    exit 1\nfi\n# This output is used by Xcode 'outputs' to avoid re-running this script phase.\necho \"SUCCESS\" > \"${SCRIPT_OUTPUT_FILE_0}\"\n";
			showEnvVarsInLog = 0;
		};
		7E94E30DD88632676BB1DA05 /* [CP] Check Pods Manifest.lock */ = {
			isa = PBXShellScriptBuildPhase;
			buildActionMask = 2147483647;
			files = (
			);
			inputFileListPaths = (
			);
			inputPaths = (
				"${PODS_PODFILE_DIR_PATH}/Podfile.lock",
				"${PODS_ROOT}/Manifest.lock",
			);
			name = "[CP] Check Pods Manifest.lock";
			outputFileListPaths = (
			);
			outputPaths = (
				"$(DERIVED_FILE_DIR)/Pods-BetterProfessor-BetterProfessorUITests-checkManifestLockResult.txt",
			);
			runOnlyForDeploymentPostprocessing = 0;
			shellPath = /bin/sh;
			shellScript = "diff \"${PODS_PODFILE_DIR_PATH}/Podfile.lock\" \"${PODS_ROOT}/Manifest.lock\" > /dev/null\nif [ $? != 0 ] ; then\n    # print error to STDERR\n    echo \"error: The sandbox is not in sync with the Podfile.lock. Run 'pod install' or update your CocoaPods installation.\" >&2\n    exit 1\nfi\n# This output is used by Xcode 'outputs' to avoid re-running this script phase.\necho \"SUCCESS\" > \"${SCRIPT_OUTPUT_FILE_0}\"\n";
			showEnvVarsInLog = 0;
		};
		AC782F4DF8C45530434A4CD6 /* [CP] Check Pods Manifest.lock */ = {
			isa = PBXShellScriptBuildPhase;
			buildActionMask = 2147483647;
			files = (
			);
			inputFileListPaths = (
			);
			inputPaths = (
				"${PODS_PODFILE_DIR_PATH}/Podfile.lock",
				"${PODS_ROOT}/Manifest.lock",
			);
			name = "[CP] Check Pods Manifest.lock";
			outputFileListPaths = (
			);
			outputPaths = (
				"$(DERIVED_FILE_DIR)/Pods-BetterProfessorTests-checkManifestLockResult.txt",
			);
			runOnlyForDeploymentPostprocessing = 0;
			shellPath = /bin/sh;
			shellScript = "diff \"${PODS_PODFILE_DIR_PATH}/Podfile.lock\" \"${PODS_ROOT}/Manifest.lock\" > /dev/null\nif [ $? != 0 ] ; then\n    # print error to STDERR\n    echo \"error: The sandbox is not in sync with the Podfile.lock. Run 'pod install' or update your CocoaPods installation.\" >&2\n    exit 1\nfi\n# This output is used by Xcode 'outputs' to avoid re-running this script phase.\necho \"SUCCESS\" > \"${SCRIPT_OUTPUT_FILE_0}\"\n";
			showEnvVarsInLog = 0;
		};
		AEEDC9B3245B767F000C2214 /* ShellScript */ = {
			isa = PBXShellScriptBuildPhase;
			buildActionMask = 8;
			files = (
			);
			inputFileListPaths = (
			);
			inputPaths = (
			);
			outputFileListPaths = (
			);
			outputPaths = (
			);
			runOnlyForDeploymentPostprocessing = 1;
			shellPath = /bin/sh;
			shellScript = "# Type a script or drag a script file from your workspace to insert its path.\n\"${PODS_ROOT}/SwiftLint/swiftlint\"\n";
		};
/* End PBXShellScriptBuildPhase section */

/* Begin PBXSourcesBuildPhase section */
		27308BD42457487700CEE5B2 /* Sources */ = {
			isa = PBXSourcesBuildPhase;
			buildActionMask = 2147483647;
			files = (
				AEC8629524587B6600775FD8 /* APIController.swift in Sources */,
				27005086245B4D3700739F62 /* AddTaskViewController.swift in Sources */,
				271C78602458B32100C8C21E /* BetterProfessorRepresentation.swift in Sources */,
				27005088245B623200739F62 /* Alert.swift in Sources */,
				27308BFE2457649F00CEE5B2 /* EditStudentInfoViewController.swift in Sources */,
				27308BFA2457504E00CEE5B2 /* LoginViewController.swift in Sources */,
				27308BDC2457487700CEE5B2 /* AppDelegate.swift in Sources */,
				AEC8622F24578E8300775FD8 /* CoreDataStack.swift in Sources */,
				27308BFC2457646C00CEE5B2 /* NewStudentViewController.swift in Sources */,
				27005084245B4AA600739F62 /* EditTaskViewController.swift in Sources */,
				271C785E2458B2DF00C8C21E /* BetterProfessor+Convenience.swift in Sources */,
				27308BF824574ED500CEE5B2 /* DashboardTableViewController.swift in Sources */,
				271A7F2F2459ED9E00D75E8A /* Bearer.swift in Sources */,
				AEC8629F2458A4A100775FD8 /* BetterProfessorController.swift in Sources */,
				271A7F312459F25900D75E8A /* TaskController.swift in Sources */,
				27308BDE2457487700CEE5B2 /* SceneDelegate.swift in Sources */,
				AE4EC858245A1FED00CC88AD /* BetterProfessor.xcdatamodeld in Sources */,
			);
			runOnlyForDeploymentPostprocessing = 0;
		};
		AE4EC82C2459FFE600CC88AD /* Sources */ = {
			isa = PBXSourcesBuildPhase;
			buildActionMask = 2147483647;
			files = (
				AE4EC840245A02F900CC88AD /* CoreData.swift in Sources */,
				AE4EC852245A0A8500CC88AD /* BestProfessorControllerTest.swift in Sources */,
				AE4EC85E245A5D6E00CC88AD /* DashBoardTest.swift in Sources */,
			);
			runOnlyForDeploymentPostprocessing = 0;
		};
		AE4EC843245A088F00CC88AD /* Sources */ = {
			isa = PBXSourcesBuildPhase;
			buildActionMask = 2147483647;
			files = (
				AE4EC84A245A088F00CC88AD /* BetterProfessorUITests.swift in Sources */,
			);
			runOnlyForDeploymentPostprocessing = 0;
		};
/* End PBXSourcesBuildPhase section */

/* Begin PBXTargetDependency section */
		AE4EC8362459FFE600CC88AD /* PBXTargetDependency */ = {
			isa = PBXTargetDependency;
			target = 27308BD72457487700CEE5B2 /* BetterProfessor */;
			targetProxy = AE4EC8352459FFE600CC88AD /* PBXContainerItemProxy */;
		};
		AE4EC84D245A088F00CC88AD /* PBXTargetDependency */ = {
			isa = PBXTargetDependency;
			target = 27308BD72457487700CEE5B2 /* BetterProfessor */;
			targetProxy = AE4EC84C245A088F00CC88AD /* PBXContainerItemProxy */;
		};
/* End PBXTargetDependency section */

/* Begin PBXVariantGroup section */
		27308BE12457487700CEE5B2 /* Main.storyboard */ = {
			isa = PBXVariantGroup;
			children = (
				27308BE22457487700CEE5B2 /* Base */,
			);
			name = Main.storyboard;
			sourceTree = "<group>";
		};
		27308BE62457488100CEE5B2 /* LaunchScreen.storyboard */ = {
			isa = PBXVariantGroup;
			children = (
				27308BE72457488100CEE5B2 /* Base */,
			);
			name = LaunchScreen.storyboard;
			sourceTree = "<group>";
		};
/* End PBXVariantGroup section */

/* Begin XCBuildConfiguration section */
		27308BEA2457488100CEE5B2 /* Debug */ = {
			isa = XCBuildConfiguration;
			buildSettings = {
				ALWAYS_SEARCH_USER_PATHS = NO;
				CLANG_ANALYZER_NONNULL = YES;
				CLANG_ANALYZER_NUMBER_OBJECT_CONVERSION = YES_AGGRESSIVE;
				CLANG_CXX_LANGUAGE_STANDARD = "gnu++14";
				CLANG_CXX_LIBRARY = "libc++";
				CLANG_ENABLE_MODULES = YES;
				CLANG_ENABLE_OBJC_ARC = YES;
				CLANG_ENABLE_OBJC_WEAK = YES;
				CLANG_WARN_BLOCK_CAPTURE_AUTORELEASING = YES;
				CLANG_WARN_BOOL_CONVERSION = YES;
				CLANG_WARN_COMMA = YES;
				CLANG_WARN_CONSTANT_CONVERSION = YES;
				CLANG_WARN_DEPRECATED_OBJC_IMPLEMENTATIONS = YES;
				CLANG_WARN_DIRECT_OBJC_ISA_USAGE = YES_ERROR;
				CLANG_WARN_DOCUMENTATION_COMMENTS = YES;
				CLANG_WARN_EMPTY_BODY = YES;
				CLANG_WARN_ENUM_CONVERSION = YES;
				CLANG_WARN_INFINITE_RECURSION = YES;
				CLANG_WARN_INT_CONVERSION = YES;
				CLANG_WARN_NON_LITERAL_NULL_CONVERSION = YES;
				CLANG_WARN_OBJC_IMPLICIT_RETAIN_SELF = YES;
				CLANG_WARN_OBJC_LITERAL_CONVERSION = YES;
				CLANG_WARN_OBJC_ROOT_CLASS = YES_ERROR;
				CLANG_WARN_RANGE_LOOP_ANALYSIS = YES;
				CLANG_WARN_STRICT_PROTOTYPES = YES;
				CLANG_WARN_SUSPICIOUS_MOVE = YES;
				CLANG_WARN_UNGUARDED_AVAILABILITY = YES_AGGRESSIVE;
				CLANG_WARN_UNREACHABLE_CODE = YES;
				CLANG_WARN__DUPLICATE_METHOD_MATCH = YES;
				COPY_PHASE_STRIP = NO;
				DEBUG_INFORMATION_FORMAT = dwarf;
				ENABLE_STRICT_OBJC_MSGSEND = YES;
				ENABLE_TESTABILITY = YES;
				GCC_C_LANGUAGE_STANDARD = gnu11;
				GCC_DYNAMIC_NO_PIC = NO;
				GCC_NO_COMMON_BLOCKS = YES;
				GCC_OPTIMIZATION_LEVEL = 0;
				GCC_PREPROCESSOR_DEFINITIONS = (
					"DEBUG=1",
					"$(inherited)",
				);
				GCC_WARN_64_TO_32_BIT_CONVERSION = YES;
				GCC_WARN_ABOUT_RETURN_TYPE = YES_ERROR;
				GCC_WARN_UNDECLARED_SELECTOR = YES;
				GCC_WARN_UNINITIALIZED_AUTOS = YES_AGGRESSIVE;
				GCC_WARN_UNUSED_FUNCTION = YES;
				GCC_WARN_UNUSED_VARIABLE = YES;
				IPHONEOS_DEPLOYMENT_TARGET = 13.4;
				MTL_ENABLE_DEBUG_INFO = INCLUDE_SOURCE;
				MTL_FAST_MATH = YES;
				ONLY_ACTIVE_ARCH = YES;
				SDKROOT = iphoneos;
				SWIFT_ACTIVE_COMPILATION_CONDITIONS = DEBUG;
				SWIFT_OPTIMIZATION_LEVEL = "-Onone";
			};
			name = Debug;
		};
		27308BEB2457488100CEE5B2 /* Release */ = {
			isa = XCBuildConfiguration;
			buildSettings = {
				ALWAYS_SEARCH_USER_PATHS = NO;
				CLANG_ANALYZER_NONNULL = YES;
				CLANG_ANALYZER_NUMBER_OBJECT_CONVERSION = YES_AGGRESSIVE;
				CLANG_CXX_LANGUAGE_STANDARD = "gnu++14";
				CLANG_CXX_LIBRARY = "libc++";
				CLANG_ENABLE_MODULES = YES;
				CLANG_ENABLE_OBJC_ARC = YES;
				CLANG_ENABLE_OBJC_WEAK = YES;
				CLANG_WARN_BLOCK_CAPTURE_AUTORELEASING = YES;
				CLANG_WARN_BOOL_CONVERSION = YES;
				CLANG_WARN_COMMA = YES;
				CLANG_WARN_CONSTANT_CONVERSION = YES;
				CLANG_WARN_DEPRECATED_OBJC_IMPLEMENTATIONS = YES;
				CLANG_WARN_DIRECT_OBJC_ISA_USAGE = YES_ERROR;
				CLANG_WARN_DOCUMENTATION_COMMENTS = YES;
				CLANG_WARN_EMPTY_BODY = YES;
				CLANG_WARN_ENUM_CONVERSION = YES;
				CLANG_WARN_INFINITE_RECURSION = YES;
				CLANG_WARN_INT_CONVERSION = YES;
				CLANG_WARN_NON_LITERAL_NULL_CONVERSION = YES;
				CLANG_WARN_OBJC_IMPLICIT_RETAIN_SELF = YES;
				CLANG_WARN_OBJC_LITERAL_CONVERSION = YES;
				CLANG_WARN_OBJC_ROOT_CLASS = YES_ERROR;
				CLANG_WARN_RANGE_LOOP_ANALYSIS = YES;
				CLANG_WARN_STRICT_PROTOTYPES = YES;
				CLANG_WARN_SUSPICIOUS_MOVE = YES;
				CLANG_WARN_UNGUARDED_AVAILABILITY = YES_AGGRESSIVE;
				CLANG_WARN_UNREACHABLE_CODE = YES;
				CLANG_WARN__DUPLICATE_METHOD_MATCH = YES;
				COPY_PHASE_STRIP = NO;
				DEBUG_INFORMATION_FORMAT = "dwarf-with-dsym";
				ENABLE_NS_ASSERTIONS = NO;
				ENABLE_STRICT_OBJC_MSGSEND = YES;
				GCC_C_LANGUAGE_STANDARD = gnu11;
				GCC_NO_COMMON_BLOCKS = YES;
				GCC_WARN_64_TO_32_BIT_CONVERSION = YES;
				GCC_WARN_ABOUT_RETURN_TYPE = YES_ERROR;
				GCC_WARN_UNDECLARED_SELECTOR = YES;
				GCC_WARN_UNINITIALIZED_AUTOS = YES_AGGRESSIVE;
				GCC_WARN_UNUSED_FUNCTION = YES;
				GCC_WARN_UNUSED_VARIABLE = YES;
				IPHONEOS_DEPLOYMENT_TARGET = 13.4;
				MTL_ENABLE_DEBUG_INFO = NO;
				MTL_FAST_MATH = YES;
				SDKROOT = iphoneos;
				SWIFT_COMPILATION_MODE = wholemodule;
				SWIFT_OPTIMIZATION_LEVEL = "-O";
				VALIDATE_PRODUCT = YES;
			};
			name = Release;
		};
		27308BED2457488100CEE5B2 /* Debug */ = {
			isa = XCBuildConfiguration;
			baseConfigurationReference = 87E3B888E8DDDD094B791705 /* Pods-BetterProfessor.debug.xcconfig */;
			buildSettings = {
				ASSETCATALOG_COMPILER_APPICON_NAME = AppIcon;
				CODE_SIGN_STYLE = Automatic;
				DEVELOPMENT_TEAM = "";
				INFOPLIST_FILE = BetterProfessor/Info.plist;
				IPHONEOS_DEPLOYMENT_TARGET = 13.2;
				LD_RUNPATH_SEARCH_PATHS = (
					"$(inherited)",
					"@executable_path/Frameworks",
				);
				PRODUCT_BUNDLE_IDENTIFIER = com.chrisdobek.BetterProfessor;
				PRODUCT_NAME = "$(TARGET_NAME)";
				SWIFT_VERSION = 5.0;
				TARGETED_DEVICE_FAMILY = "1,2";
			};
			name = Debug;
		};
		27308BEE2457488100CEE5B2 /* Release */ = {
			isa = XCBuildConfiguration;
			baseConfigurationReference = E9BE04B2E1D2D4BC24D54275 /* Pods-BetterProfessor.release.xcconfig */;
			buildSettings = {
				ASSETCATALOG_COMPILER_APPICON_NAME = AppIcon;
				CODE_SIGN_STYLE = Automatic;
				DEVELOPMENT_TEAM = "";
				INFOPLIST_FILE = BetterProfessor/Info.plist;
				IPHONEOS_DEPLOYMENT_TARGET = 13.2;
				LD_RUNPATH_SEARCH_PATHS = (
					"$(inherited)",
					"@executable_path/Frameworks",
				);
				PRODUCT_BUNDLE_IDENTIFIER = com.chrisdobek.BetterProfessor;
				PRODUCT_NAME = "$(TARGET_NAME)";
				SWIFT_VERSION = 5.0;
				TARGETED_DEVICE_FAMILY = "1,2";
			};
			name = Release;
		};
		AE4EC8382459FFE600CC88AD /* Debug */ = {
			isa = XCBuildConfiguration;
			baseConfigurationReference = E81D75925A0EABD5D205DE6C /* Pods-BetterProfessorTests.debug.xcconfig */;
			buildSettings = {
				BUNDLE_LOADER = "$(TEST_HOST)";
				CLANG_ENABLE_MODULES = YES;
				CODE_SIGN_STYLE = Automatic;
				INFOPLIST_FILE = BetterProfessorTests/Info.plist;
				IPHONEOS_DEPLOYMENT_TARGET = 13.2;
				LD_RUNPATH_SEARCH_PATHS = (
					"$(inherited)",
					"@executable_path/Frameworks",
					"@loader_path/Frameworks",
				);
				PRODUCT_BUNDLE_IDENTIFIER = com.lydia.BetterProfessorTests;
				PRODUCT_NAME = "$(TARGET_NAME)";
				SWIFT_OPTIMIZATION_LEVEL = "-Onone";
				SWIFT_VERSION = 5.0;
				TARGETED_DEVICE_FAMILY = "1,2";
				TEST_HOST = "$(BUILT_PRODUCTS_DIR)/BetterProfessor.app/BetterProfessor";
			};
			name = Debug;
		};
		AE4EC8392459FFE600CC88AD /* Release */ = {
			isa = XCBuildConfiguration;
			baseConfigurationReference = 63CB0002E460E2C046B2DC18 /* Pods-BetterProfessorTests.release.xcconfig */;
			buildSettings = {
				BUNDLE_LOADER = "$(TEST_HOST)";
				CLANG_ENABLE_MODULES = YES;
				CODE_SIGN_STYLE = Automatic;
				INFOPLIST_FILE = BetterProfessorTests/Info.plist;
				IPHONEOS_DEPLOYMENT_TARGET = 13.2;
				LD_RUNPATH_SEARCH_PATHS = (
					"$(inherited)",
					"@executable_path/Frameworks",
					"@loader_path/Frameworks",
				);
				PRODUCT_BUNDLE_IDENTIFIER = com.lydia.BetterProfessorTests;
				PRODUCT_NAME = "$(TARGET_NAME)";
				SWIFT_VERSION = 5.0;
				TARGETED_DEVICE_FAMILY = "1,2";
				TEST_HOST = "$(BUILT_PRODUCTS_DIR)/BetterProfessor.app/BetterProfessor";
			};
			name = Release;
		};
		AE4EC84E245A088F00CC88AD /* Debug */ = {
			isa = XCBuildConfiguration;
			baseConfigurationReference = 5A806947B3353D1A69233311 /* Pods-BetterProfessor-BetterProfessorUITests.debug.xcconfig */;
			buildSettings = {
				CODE_SIGN_STYLE = Automatic;
				INFOPLIST_FILE = BetterProfessorUITests/Info.plist;
				IPHONEOS_DEPLOYMENT_TARGET = 13.2;
				LD_RUNPATH_SEARCH_PATHS = (
					"$(inherited)",
					"@executable_path/Frameworks",
					"@loader_path/Frameworks",
				);
				PRODUCT_BUNDLE_IDENTIFIER = com.lydia.BetterProfessorUITests;
				PRODUCT_NAME = "$(TARGET_NAME)";
				SWIFT_VERSION = 5.0;
				TARGETED_DEVICE_FAMILY = "1,2";
				TEST_TARGET_NAME = BetterProfessor;
			};
			name = Debug;
		};
		AE4EC84F245A088F00CC88AD /* Release */ = {
			isa = XCBuildConfiguration;
			baseConfigurationReference = 792DBCD2045F89C4C9704CFA /* Pods-BetterProfessor-BetterProfessorUITests.release.xcconfig */;
			buildSettings = {
				CODE_SIGN_STYLE = Automatic;
				INFOPLIST_FILE = BetterProfessorUITests/Info.plist;
				IPHONEOS_DEPLOYMENT_TARGET = 13.2;
				LD_RUNPATH_SEARCH_PATHS = (
					"$(inherited)",
					"@executable_path/Frameworks",
					"@loader_path/Frameworks",
				);
				PRODUCT_BUNDLE_IDENTIFIER = com.lydia.BetterProfessorUITests;
				PRODUCT_NAME = "$(TARGET_NAME)";
				SWIFT_VERSION = 5.0;
				TARGETED_DEVICE_FAMILY = "1,2";
				TEST_TARGET_NAME = BetterProfessor;
			};
			name = Release;
		};
/* End XCBuildConfiguration section */

/* Begin XCConfigurationList section */
		27308BD32457487700CEE5B2 /* Build configuration list for PBXProject "BetterProfessor" */ = {
			isa = XCConfigurationList;
			buildConfigurations = (
				27308BEA2457488100CEE5B2 /* Debug */,
				27308BEB2457488100CEE5B2 /* Release */,
			);
			defaultConfigurationIsVisible = 0;
			defaultConfigurationName = Release;
		};
		27308BEC2457488100CEE5B2 /* Build configuration list for PBXNativeTarget "BetterProfessor" */ = {
			isa = XCConfigurationList;
			buildConfigurations = (
				27308BED2457488100CEE5B2 /* Debug */,
				27308BEE2457488100CEE5B2 /* Release */,
			);
			defaultConfigurationIsVisible = 0;
			defaultConfigurationName = Release;
		};
		AE4EC8372459FFE600CC88AD /* Build configuration list for PBXNativeTarget "BetterProfessorTests" */ = {
			isa = XCConfigurationList;
			buildConfigurations = (
				AE4EC8382459FFE600CC88AD /* Debug */,
				AE4EC8392459FFE600CC88AD /* Release */,
			);
			defaultConfigurationIsVisible = 0;
			defaultConfigurationName = Release;
		};
		AE4EC850245A088F00CC88AD /* Build configuration list for PBXNativeTarget "BetterProfessorUITests" */ = {
			isa = XCConfigurationList;
			buildConfigurations = (
				AE4EC84E245A088F00CC88AD /* Debug */,
				AE4EC84F245A088F00CC88AD /* Release */,
			);
			defaultConfigurationIsVisible = 0;
			defaultConfigurationName = Release;
		};
/* End XCConfigurationList section */

/* Begin XCVersionGroup section */
		AE4EC856245A1FED00CC88AD /* BetterProfessor.xcdatamodeld */ = {
			isa = XCVersionGroup;
			children = (
				AE4EC857245A1FED00CC88AD /* BetterProfessor.xcdatamodel */,
			);
			currentVersion = AE4EC857245A1FED00CC88AD /* BetterProfessor.xcdatamodel */;
			path = BetterProfessor.xcdatamodeld;
			sourceTree = "<group>";
			versionGroupType = wrapper.xcdatamodel;
		};
/* End XCVersionGroup section */
	};
	rootObject = 27308BD02457487700CEE5B2 /* Project object */;
}
